// !$*UTF8*$!
{
	archiveVersion = 1;
	classes = {
	};
	objectVersion = 46;
	objects = {

/* Begin PBXBuildFile section */
		396FD3C91C57FAB4009F60FD /* AppDelegate.swift in Sources */ = {isa = PBXBuildFile; fileRef = 396FD3C81C57FAB4009F60FD /* AppDelegate.swift */; };
		396FD3CB1C57FAB4009F60FD /* MealViewController.swift in Sources */ = {isa = PBXBuildFile; fileRef = 396FD3CA1C57FAB4009F60FD /* MealViewController.swift */; };
		396FD3CE1C57FAB4009F60FD /* Main.storyboard in Resources */ = {isa = PBXBuildFile; fileRef = 396FD3CC1C57FAB4009F60FD /* Main.storyboard */; };
		396FD3D01C57FAB4009F60FD /* Assets.xcassets in Resources */ = {isa = PBXBuildFile; fileRef = 396FD3CF1C57FAB4009F60FD /* Assets.xcassets */; };
		396FD3D31C57FAB4009F60FD /* LaunchScreen.storyboard in Resources */ = {isa = PBXBuildFile; fileRef = 396FD3D11C57FAB4009F60FD /* LaunchScreen.storyboard */; };
		396FD3DE1C57FAB5009F60FD /* FoodTrackerTests.swift in Sources */ = {isa = PBXBuildFile; fileRef = 396FD3DD1C57FAB5009F60FD /* FoodTrackerTests.swift */; };
		396FD3E91C582D0C009F60FD /* RatingControl.swift in Sources */ = {isa = PBXBuildFile; fileRef = 396FD3E81C582D0C009F60FD /* RatingControl.swift */; };
		396FD3F01C58416E009F60FD /* Meal.swift in Sources */ = {isa = PBXBuildFile; fileRef = 396FD3EF1C58416E009F60FD /* Meal.swift */; };
		396FD3F11C58416E009F60FD /* Meal.swift in Sources */ = {isa = PBXBuildFile; fileRef = 396FD3EF1C58416E009F60FD /* Meal.swift */; };
		396FD3F31C58501A009F60FD /* MealTableViewCell.swift in Sources */ = {isa = PBXBuildFile; fileRef = 396FD3F21C58501A009F60FD /* MealTableViewCell.swift */; };
		396FD3F51C585799009F60FD /* MealTableViewController.swift in Sources */ = {isa = PBXBuildFile; fileRef = 396FD3F41C585799009F60FD /* MealTableViewController.swift */; };
/* End PBXBuildFile section */

/* Begin PBXContainerItemProxy section */
		396FD3DA1C57FAB5009F60FD /* PBXContainerItemProxy */ = {
			isa = PBXContainerItemProxy;
			containerPortal = 396FD3BD1C57FAB4009F60FD /* Project object */;
			proxyType = 1;
			remoteGlobalIDString = 396FD3C41C57FAB4009F60FD;
			remoteInfo = FoodTracker;
		};
/* End PBXContainerItemProxy section */

/* Begin PBXFileReference section */
		396FD3C51C57FAB4009F60FD /* FoodTracker.app */ = {isa = PBXFileReference; explicitFileType = wrapper.application; includeInIndex = 0; path = FoodTracker.app; sourceTree = BUILT_PRODUCTS_DIR; };
		396FD3C81C57FAB4009F60FD /* AppDelegate.swift */ = {isa = PBXFileReference; lastKnownFileType = sourcecode.swift; path = AppDelegate.swift; sourceTree = "<group>"; };
		396FD3CA1C57FAB4009F60FD /* MealViewController.swift */ = {isa = PBXFileReference; lastKnownFileType = sourcecode.swift; path = MealViewController.swift; sourceTree = "<group>"; };
		396FD3CD1C57FAB4009F60FD /* Base */ = {isa = PBXFileReference; lastKnownFileType = file.storyboard; name = Base; path = Base.lproj/Main.storyboard; sourceTree = "<group>"; };
		396FD3CF1C57FAB4009F60FD /* Assets.xcassets */ = {isa = PBXFileReference; lastKnownFileType = folder.assetcatalog; path = Assets.xcassets; sourceTree = "<group>"; };
		396FD3D21C57FAB4009F60FD /* Base */ = {isa = PBXFileReference; lastKnownFileType = file.storyboard; name = Base; path = Base.lproj/LaunchScreen.storyboard; sourceTree = "<group>"; };
		396FD3D41C57FAB4009F60FD /* Info.plist */ = {isa = PBXFileReference; lastKnownFileType = text.plist.xml; path = Info.plist; sourceTree = "<group>"; };
		396FD3D91C57FAB5009F60FD /* FoodTrackerTests.xctest */ = {isa = PBXFileReference; explicitFileType = wrapper.cfbundle; includeInIndex = 0; path = FoodTrackerTests.xctest; sourceTree = BUILT_PRODUCTS_DIR; };
		396FD3DD1C57FAB5009F60FD /* FoodTrackerTests.swift */ = {isa = PBXFileReference; lastKnownFileType = sourcecode.swift; path = FoodTrackerTests.swift; sourceTree = "<group>"; };
		396FD3DF1C57FAB5009F60FD /* Info.plist */ = {isa = PBXFileReference; lastKnownFileType = text.plist.xml; path = Info.plist; sourceTree = "<group>"; };
		396FD3E81C582D0C009F60FD /* RatingControl.swift */ = {isa = PBXFileReference; fileEncoding = 4; lastKnownFileType = sourcecode.swift; path = RatingControl.swift; sourceTree = "<group>"; };
		396FD3EF1C58416E009F60FD /* Meal.swift */ = {isa = PBXFileReference; fileEncoding = 4; lastKnownFileType = sourcecode.swift; path = Meal.swift; sourceTree = "<group>"; };
		396FD3F21C58501A009F60FD /* MealTableViewCell.swift */ = {isa = PBXFileReference; fileEncoding = 4; lastKnownFileType = sourcecode.swift; path = MealTableViewCell.swift; sourceTree = "<group>"; };
		396FD3F41C585799009F60FD /* MealTableViewController.swift */ = {isa = PBXFileReference; fileEncoding = 4; lastKnownFileType = sourcecode.swift; path = MealTableViewController.swift; sourceTree = "<group>"; };
/* End PBXFileReference section */

/* Begin PBXFrameworksBuildPhase section */
		396FD3C21C57FAB4009F60FD /* Frameworks */ = {
			isa = PBXFrameworksBuildPhase;
			buildActionMask = 2147483647;
			files = (
			);
			runOnlyForDeploymentPostprocessing = 0;
		};
		396FD3D61C57FAB5009F60FD /* Frameworks */ = {
			isa = PBXFrameworksBuildPhase;
			buildActionMask = 2147483647;
			files = (
			);
			runOnlyForDeploymentPostprocessing = 0;
		};
/* End PBXFrameworksBuildPhase section */

/* Begin PBXGroup section */
		396FD3BC1C57FAB4009F60FD = {
			isa = PBXGroup;
			children = (
				396FD3C71C57FAB4009F60FD /* FoodTracker */,
				396FD3DC1C57FAB5009F60FD /* FoodTrackerTests */,
				396FD3C61C57FAB4009F60FD /* Products */,
			);
			sourceTree = "<group>";
		};
		396FD3C61C57FAB4009F60FD /* Products */ = {
			isa = PBXGroup;
			children = (
				396FD3C51C57FAB4009F60FD /* FoodTracker.app */,
				396FD3D91C57FAB5009F60FD /* FoodTrackerTests.xctest */,
			);
			name = Products;
			sourceTree = "<group>";
		};
		396FD3C71C57FAB4009F60FD /* FoodTracker */ = {
			isa = PBXGroup;
			children = (
				396FD3C81C57FAB4009F60FD /* AppDelegate.swift */,
				396FD3CA1C57FAB4009F60FD /* MealViewController.swift */,
				396FD3CC1C57FAB4009F60FD /* Main.storyboard */,
				396FD3F41C585799009F60FD /* MealTableViewController.swift */,
				396FD3F21C58501A009F60FD /* MealTableViewCell.swift */,
				396FD3EF1C58416E009F60FD /* Meal.swift */,
				396FD3E81C582D0C009F60FD /* RatingControl.swift */,
				396FD3CF1C57FAB4009F60FD /* Assets.xcassets */,
				396FD3D11C57FAB4009F60FD /* LaunchScreen.storyboard */,
				396FD3D41C57FAB4009F60FD /* Info.plist */,
			);
			path = FoodTracker;
			sourceTree = "<group>";
		};
		396FD3DC1C57FAB5009F60FD /* FoodTrackerTests */ = {
			isa = PBXGroup;
			children = (
				396FD3DD1C57FAB5009F60FD /* FoodTrackerTests.swift */,
				396FD3DF1C57FAB5009F60FD /* Info.plist */,
			);
			path = FoodTrackerTests;
			sourceTree = "<group>";
		};
/* End PBXGroup section */

/* Begin PBXNativeTarget section */
		396FD3C41C57FAB4009F60FD /* FoodTracker */ = {
			isa = PBXNativeTarget;
			buildConfigurationList = 396FD3E21C57FAB5009F60FD /* Build configuration list for PBXNativeTarget "FoodTracker" */;
			buildPhases = (
				396FD3C11C57FAB4009F60FD /* Sources */,
				396FD3C21C57FAB4009F60FD /* Frameworks */,
				396FD3C31C57FAB4009F60FD /* Resources */,
			);
			buildRules = (
			);
			dependencies = (
			);
			name = FoodTracker;
			productName = FoodTracker;
			productReference = 396FD3C51C57FAB4009F60FD /* FoodTracker.app */;
			productType = "com.apple.product-type.application";
		};
		396FD3D81C57FAB5009F60FD /* FoodTrackerTests */ = {
			isa = PBXNativeTarget;
			buildConfigurationList = 396FD3E51C57FAB5009F60FD /* Build configuration list for PBXNativeTarget "FoodTrackerTests" */;
			buildPhases = (
				396FD3D51C57FAB5009F60FD /* Sources */,
				396FD3D61C57FAB5009F60FD /* Frameworks */,
				396FD3D71C57FAB5009F60FD /* Resources */,
			);
			buildRules = (
			);
			dependencies = (
				396FD3DB1C57FAB5009F60FD /* PBXTargetDependency */,
			);
			name = FoodTrackerTests;
			productName = FoodTrackerTests;
			productReference = 396FD3D91C57FAB5009F60FD /* FoodTrackerTests.xctest */;
			productType = "com.apple.product-type.bundle.unit-test";
		};
/* End PBXNativeTarget section */

/* Begin PBXProject section */
		396FD3BD1C57FAB4009F60FD /* Project object */ = {
			isa = PBXProject;
			attributes = {
				LastSwiftUpdateCheck = 0720;
				LastUpgradeCheck = 0720;
				ORGANIZATIONNAME = "Daniel Dickson";
				TargetAttributes = {
					396FD3C41C57FAB4009F60FD = {
						CreatedOnToolsVersion = 7.2;
					};
					396FD3D81C57FAB5009F60FD = {
						CreatedOnToolsVersion = 7.2;
						TestTargetID = 396FD3C41C57FAB4009F60FD;
					};
				};
			};
			buildConfigurationList = 396FD3C01C57FAB4009F60FD /* Build configuration list for PBXProject "FoodTracker" */;
			compatibilityVersion = "Xcode 3.2";
			developmentRegion = English;
			hasScannedForEncodings = 0;
			knownRegions = (
				en,
				Base,
			);
			mainGroup = 396FD3BC1C57FAB4009F60FD;
			productRefGroup = 396FD3C61C57FAB4009F60FD /* Products */;
			projectDirPath = "";
			projectRoot = "";
			targets = (
				396FD3C41C57FAB4009F60FD /* FoodTracker */,
				396FD3D81C57FAB5009F60FD /* FoodTrackerTests */,
			);
		};
/* End PBXProject section */

/* Begin PBXResourcesBuildPhase section */
		396FD3C31C57FAB4009F60FD /* Resources */ = {
			isa = PBXResourcesBuildPhase;
			buildActionMask = 2147483647;
			files = (
				396FD3D31C57FAB4009F60FD /* LaunchScreen.storyboard in Resources */,
				396FD3D01C57FAB4009F60FD /* Assets.xcassets in Resources */,
				396FD3CE1C57FAB4009F60FD /* Main.storyboard in Resources */,
			);
			runOnlyForDeploymentPostprocessing = 0;
		};
		396FD3D71C57FAB5009F60FD /* Resources */ = {
			isa = PBXResourcesBuildPhase;
			buildActionMask = 2147483647;
			files = (
			);
			runOnlyForDeploymentPostprocessing = 0;
		};
/* End PBXResourcesBuildPhase section */

/* Begin PBXSourcesBuildPhase section */
		396FD3C11C57FAB4009F60FD /* Sources */ = {
			isa = PBXSourcesBuildPhase;
			buildActionMask = 2147483647;
			files = (
				396FD3F01C58416E009F60FD /* Meal.swift in Sources */,
				396FD3CB1C57FAB4009F60FD /* MealViewController.swift in Sources */,
				396FD3E91C582D0C009F60FD /* RatingControl.swift in Sources */,
				396FD3C91C57FAB4009F60FD /* AppDelegate.swift in Sources */,
				396FD3F51C585799009F60FD /* MealTableViewController.swift in Sources */,
				396FD3F31C58501A009F60FD /* MealTableViewCell.swift in Sources */,
			);
			runOnlyForDeploymentPostprocessing = 0;
		};
		396FD3D51C57FAB5009F60FD /* Sources */ = {
			isa = PBXSourcesBuildPhase;
			buildActionMask = 2147483647;
			files = (
				396FD3F11C58416E009F60FD /* Meal.swift in Sources */,
				396FD3DE1C57FAB5009F60FD /* FoodTrackerTests.swift in Sources */,
			);
			runOnlyForDeploymentPostprocessing = 0;
		};
/* End PBXSourcesBuildPhase section */

/* Begin PBXTargetDependency section */
		396FD3DB1C57FAB5009F60FD /* PBXTargetDependency */ = {
			isa = PBXTargetDependency;
			target = 396FD3C41C57FAB4009F60FD /* FoodTracker */;
			targetProxy = 396FD3DA1C57FAB5009F60FD /* PBXContainerItemProxy */;
		};
/* End PBXTargetDependency section */

/* Begin PBXVariantGroup section */
		396FD3CC1C57FAB4009F60FD /* Main.storyboard */ = {
			isa = PBXVariantGroup;
			children = (
				396FD3CD1C57FAB4009F60FD /* Base */,
			);
			name = Main.storyboard;
			sourceTree = "<group>";
		};
		396FD3D11C57FAB4009F60FD /* LaunchScreen.storyboard */ = {
			isa = PBXVariantGroup;
			children = (
				396FD3D21C57FAB4009F60FD /* Base */,
			);
			name = LaunchScreen.storyboard;
			sourceTree = "<group>";
		};
/* End PBXVariantGroup section */

/* Begin XCBuildConfiguration section */
		396FD3E01C57FAB5009F60FD /* Debug */ = {
			isa = XCBuildConfiguration;
			buildSettings = {
				ALWAYS_SEARCH_USER_PATHS = NO;
				CLANG_CXX_LANGUAGE_STANDARD = "gnu++0x";
				CLANG_CXX_LIBRARY = "libc++";
				CLANG_ENABLE_MODULES = YES;
				CLANG_ENABLE_OBJC_ARC = YES;
				CLANG_WARN_BOOL_CONVERSION = YES;
				CLANG_WARN_CONSTANT_CONVERSION = YES;
				CLANG_WARN_DIRECT_OBJC_ISA_USAGE = YES_ERROR;
				CLANG_WARN_EMPTY_BODY = YES;
				CLANG_WARN_ENUM_CONVERSION = YES;
				CLANG_WARN_INT_CONVERSION = YES;
				CLANG_WARN_OBJC_ROOT_CLASS = YES_ERROR;
				CLANG_WARN_UNREACHABLE_CODE = YES;
				CLANG_WARN__DUPLICATE_METHOD_MATCH = YES;
				"CODE_SIGN_IDENTITY[sdk=iphoneos*]" = "iPhone Developer";
				COPY_PHASE_STRIP = NO;
				DEBUG_INFORMATION_FORMAT = dwarf;
				ENABLE_STRICT_OBJC_MSGSEND = YES;
				ENABLE_TESTABILITY = YES;
				GCC_C_LANGUAGE_STANDARD = gnu99;
				GCC_DYNAMIC_NO_PIC = NO;
				GCC_NO_COMMON_BLOCKS = YES;
				GCC_OPTIMIZATION_LEVEL = 0;
				GCC_PREPROCESSOR_DEFINITIONS = (
					"DEBUG=1",
					"$(inherited)",
				);
				GCC_WARN_64_TO_32_BIT_CONVERSION = YES;
				GCC_WARN_ABOUT_RETURN_TYPE = YES_ERROR;
				GCC_WARN_UNDECLARED_SELECTOR = YES;
				GCC_WARN_UNINITIALIZED_AUTOS = YES_AGGRESSIVE;
				GCC_WARN_UNUSED_FUNCTION = YES;
				GCC_WARN_UNUSED_VARIABLE = YES;
				IPHONEOS_DEPLOYMENT_TARGET = 9.2;
				MTL_ENABLE_DEBUG_INFO = YES;
				ONLY_ACTIVE_ARCH = YES;
				SDKROOT = iphoneos;
				SWIFT_OPTIMIZATION_LEVEL = "-Onone";
				TARGETED_DEVICE_FAMILY = "1,2";
			};
			name = Debug;
		};
		396FD3E11C57FAB5009F60FD /* Release */ = {
			isa = XCBuildConfiguration;
			buildSettings = {
				ALWAYS_SEARCH_USER_PATHS = NO;
				CLANG_CXX_LANGUAGE_STANDARD = "gnu++0x";
				CLANG_CXX_LIBRARY = "libc++";
				CLANG_ENABLE_MODULES = YES;
				CLANG_ENABLE_OBJC_ARC = YES;
				CLANG_WARN_BOOL_CONVERSION = YES;
				CLANG_WARN_CONSTANT_CONVERSION = YES;
				CLANG_WARN_DIRECT_OBJC_ISA_USAGE = YES_ERROR;
				CLANG_WARN_EMPTY_BODY = YES;
				CLANG_WARN_ENUM_CONVERSION = YES;
				CLANG_WARN_INT_CONVERSION = YES;
				CLANG_WARN_OBJC_ROOT_CLASS = YES_ERROR;
				CLANG_WARN_UNREACHABLE_CODE = YES;
				CLANG_WARN__DUPLICATE_METHOD_MATCH = YES;
				"CODE_SIGN_IDENTITY[sdk=iphoneos*]" = "iPhone Developer";
				COPY_PHASE_STRIP = NO;
				DEBUG_INFORMATION_FORMAT = "dwarf-with-dsym";
				ENABLE_NS_ASSERTIONS = NO;
				ENABLE_STRICT_OBJC_MSGSEND = YES;
				GCC_C_LANGUAGE_STANDARD = gnu99;
				GCC_NO_COMMON_BLOCKS = YES;
				GCC_WARN_64_TO_32_BIT_CONVERSION = YES;
				GCC_WARN_ABOUT_RETURN_TYPE = YES_ERROR;
				GCC_WARN_UNDECLARED_SELECTOR = YES;
				GCC_WARN_UNINITIALIZED_AUTOS = YES_AGGRESSIVE;
				GCC_WARN_UNUSED_FUNCTION = YES;
				GCC_WARN_UNUSED_VARIABLE = YES;
				IPHONEOS_DEPLOYMENT_TARGET = 9.2;
				MTL_ENABLE_DEBUG_INFO = NO;
				SDKROOT = iphoneos;
				TARGETED_DEVICE_FAMILY = "1,2";
				VALIDATE_PRODUCT = YES;
			};
			name = Release;
		};
		396FD3E31C57FAB5009F60FD /* Debug */ = {
			isa = XCBuildConfiguration;
			buildSettings = {
				ASSETCATALOG_COMPILER_APPICON_NAME = AppIcon;
				INFOPLIST_FILE = FoodTracker/Info.plist;
				LD_RUNPATH_SEARCH_PATHS = "$(inherited) @executable_path/Frameworks";
				PRODUCT_BUNDLE_IDENTIFIER = com.example.FoodTracker;
				PRODUCT_NAME = "$(TARGET_NAME)";
			};
			name = Debug;
		};
		396FD3E41C57FAB5009F60FD /* Release */ = {
			isa = XCBuildConfiguration;
			buildSettings = {
				ASSETCATALOG_COMPILER_APPICON_NAME = AppIcon;
				INFOPLIST_FILE = FoodTracker/Info.plist;
				LD_RUNPATH_SEARCH_PATHS = "$(inherited) @executable_path/Frameworks";
				PRODUCT_BUNDLE_IDENTIFIER = com.example.FoodTracker;
				PRODUCT_NAME = "$(TARGET_NAME)";
			};
			name = Release;
		};
		396FD3E61C57FAB5009F60FD /* Debug */ = {
			isa = XCBuildConfiguration;
			buildSettings = {
				BUNDLE_LOADER = "$(TEST_HOST)";
				INFOPLIST_FILE = FoodTrackerTests/Info.plist;
				LD_RUNPATH_SEARCH_PATHS = "$(inherited) @executable_path/Frameworks @loader_path/Frameworks";
				PRODUCT_BUNDLE_IDENTIFIER = com.example.FoodTrackerTests;
				PRODUCT_NAME = "$(TARGET_NAME)";
				TEST_HOST = "$(BUILT_PRODUCTS_DIR)/FoodTracker.app/FoodTracker";
			};
			name = Debug;
		};
		396FD3E71C57FAB5009F60FD /* Release */ = {
			isa = XCBuildConfiguration;
			buildSettings = {
				BUNDLE_LOADER = "$(TEST_HOST)";
				INFOPLIST_FILE = FoodTrackerTests/Info.plist;
				LD_RUNPATH_SEARCH_PATHS = "$(inherited) @executable_path/Frameworks @loader_path/Frameworks";
				PRODUCT_BUNDLE_IDENTIFIER = com.example.FoodTrackerTests;
				PRODUCT_NAME = "$(TARGET_NAME)";
				TEST_HOST = "$(BUILT_PRODUCTS_DIR)/FoodTracker.app/FoodTracker";
			};
			name = Release;
		};
/* End XCBuildConfiguration section */

/* Begin XCConfigurationList section */
		396FD3C01C57FAB4009F60FD /* Build configuration list for PBXProject "FoodTracker" */ = {
			isa = XCConfigurationList;
			buildConfigurations = (
				396FD3E01C57FAB5009F60FD /* Debug */,
				396FD3E11C57FAB5009F60FD /* Release */,
			);
			defaultConfigurationIsVisible = 0;
			defaultConfigurationName = Release;
		};
		396FD3E21C57FAB5009F60FD /* Build configuration list for PBXNativeTarget "FoodTracker" */ = {
			isa = XCConfigurationList;
			buildConfigurations = (
				396FD3E31C57FAB5009F60FD /* Debug */,
				396FD3E41C57FAB5009F60FD /* Release */,
			);
			defaultConfigurationIsVisible = 0;
		};
		396FD3E51C57FAB5009F60FD /* Build configuration list for PBXNativeTarget "FoodTrackerTests" */ = {
			isa = XCConfigurationList;
			buildConfigurations = (
				396FD3E61C57FAB5009F60FD /* Debug */,
				396FD3E71C57FAB5009F60FD /* Release */,
			);
			defaultConfigurationIsVisible = 0;
		};
/* End XCConfigurationList section */
	};
	rootObject = 396FD3BD1C57FAB4009F60FD /* Project object */;
}
